{
  "lockfileVersion": 1,
  "configVersion": 1,
  "workspaces": {
    "": {
      "name": "@npy/fetch",
      "dependencies": {
        "@fuman/io": "^0.0.19",
        "@fuman/net": "^0.0.19",
        "@fuman/node": "^0.0.19",
        "@fuman/utils": "^0.0.19",
        "bytes": "^3.1.2",
        "generic-pool": "^3.9.0",
      },
      "devDependencies": {
        "@biomejs/biome": "2.4.9",
        "@types/bun": "latest",
        "@types/bytes": "^3.1.5",
      },
      "peerDependencies": {
        "typescript": "^5",
      },
    },
  },
  "packages": {
    "@biomejs/biome": ["@biomejs/biome@2.4.9", "", { "optionalDependencies": { "@biomejs/cli-darwin-arm64": "2.4.9", "@biomejs/cli-darwin-x64": "2.4.9", "@biomejs/cli-linux-arm64": "2.4.9", "@biomejs/cli-linux-arm64-musl": "2.4.9", "@biomejs/cli-linux-x64": "2.4.9", "@biomejs/cli-linux-x64-musl": "2.4.9", "@biomejs/cli-win32-arm64": "2.4.9", "@biomejs/cli-win32-x64": "2.4.9" }, "bin": { "biome": "bin/biome" } }, "sha512-wvZW92FrwitTcacvCBT8xdAbfbxWfDLwjYMmU3djjqQTh7Ni4ZdiWIT/x5VcZ+RQuxiKzIOzi5D+dcyJDFZMsA=="],

    "@biomejs/cli-darwin-arm64": ["@biomejs/cli-darwin-arm64@2.4.9", "", { "os": "darwin", "cpu": "arm64" }, "sha512-d5G8Gf2RpH5pYwiHLPA+UpG3G9TLQu4WM+VK6sfL7K68AmhcEQ9r+nkj/DvR/GYhYox6twsHUtmWWWIKfcfQQA=="],

    "@biomejs/cli-darwin-x64": ["@biomejs/cli-darwin-x64@2.4.9", "", { "os": "darwin", "cpu": "x64" }, "sha512-LNCLNgqDMG7BLdc3a8aY/dwKPK7+R8/JXJoXjCvZh2gx8KseqBdFDKbhrr7HCWF8SzNhbTaALhTBoh/I6rf9lA=="],

    "@biomejs/cli-linux-arm64": ["@biomejs/cli-linux-arm64@2.4.9", "", { "os": "linux", "cpu": "arm64" }, "sha512-4adnkAUi6K4C/emPRgYznMOcLlUqZdXWM6aIui4VP4LraE764g6Q4YguygnAUoxKjKIXIWPteKMgRbN0wsgwcg=="],

    "@biomejs/cli-linux-arm64-musl": ["@biomejs/cli-linux-arm64-musl@2.4.9", "", { "os": "linux", "cpu": "arm64" }, "sha512-8RCww5xnPn2wpK4L/QDGDOW0dq80uVWfppPxHIUg6mOs9B6gRmqPp32h1Ls3T8GnW8Wo5A8u7vpTwz4fExN+sw=="],

    "@biomejs/cli-linux-x64": ["@biomejs/cli-linux-x64@2.4.9", "", { "os": "linux", "cpu": "x64" }, "sha512-L10na7POF0Ks/cgLFNF1ZvIe+X4onLkTi5oP9hY+Rh60Q+7fWzKDDCeGyiHUFf1nGIa9dQOOUPGe2MyYg8nMSQ=="],

    "@biomejs/cli-linux-x64-musl": ["@biomejs/cli-linux-x64-musl@2.4.9", "", { "os": "linux", "cpu": "x64" }, "sha512-5TD+WS9v5vzXKzjetF0hgoaNFHMcpQeBUwKKVi3JbG1e9UCrFuUK3Gt185fyTzvRdwYkJJEMqglRPjmesmVv4A=="],

    "@biomejs/cli-win32-arm64": ["@biomejs/cli-win32-arm64@2.4.9", "", { "os": "win32", "cpu": "arm64" }, "sha512-aDZr0RBC3sMGJOU10BvG7eZIlWLK/i51HRIfScE2lVhfts2dQTreowLiJJd+UYg/tHKxS470IbzpuKmd0MiD6g=="],

    "@biomejs/cli-win32-x64": ["@biomejs/cli-win32-x64@2.4.9", "", { "os": "win32", "cpu": "x64" }, "sha512-NS4g/2G9SoQ4ktKtz31pvyc/rmgzlcIDCGU/zWbmHJAqx6gcRj2gj5Q/guXhoWTzCUaQZDIqiCQXHS7BcGYc0w=="],

    "@fuman/io": ["@fuman/io@0.0.19", "", { "dependencies": { "@fuman/utils": "^0.0.19" } }, "sha512-B+2n3GVa9PCYMJ9xfsdXUlUV9yXO4gKLYfxm815PeJ+MGOw5TbEp166drRmBq1AtxVnP0efy6Oz9rYpKVODgow=="],

    "@fuman/net": ["@fuman/net@0.0.19", "", { "dependencies": { "@fuman/io": "^0.0.19", "@fuman/utils": "^0.0.19" } }, "sha512-yISM+JcZEWBpBYn0v2mUY/Zst4SsicTRaVTvRkVhMiZhgMzdXalfvRwRV/vsgwwL31bntwowCTDW4iilCJLbXg=="],

    "@fuman/node": ["@fuman/node@0.0.19", "", { "dependencies": { "@fuman/io": "^0.0.19", "@fuman/net": "^0.0.19", "@fuman/utils": "^0.0.19" }, "peerDependencies": { "ws": "^8.18.1" }, "optionalPeers": ["ws"] }, "sha512-1VNTBb47yrN5BzuXiP4t6An7mDPklH5N+vUtkeL3XATK+xWbtlQsSsU244T7iqGurmDpYrLM9kIUjdMFm8OhDw=="],

    "@fuman/utils": ["@fuman/utils@0.0.19", "", {}, "sha512-4qVrZ9AjKYztLJsNr1Tp7kL48b22dvVLN1iVW+Me8ZSQ0ILN0qknoxjsczVPReF7+GDWgknNxR2l6ggrA4SZyw=="],

    "@types/bun": ["@types/bun@1.3.11", "", { "dependencies": { "bun-types": "1.3.11" } }, "sha512-5vPne5QvtpjGpsGYXiFyycfpDF2ECyPcTSsFBMa0fraoxiQyMJ3SmuQIGhzPg2WJuWxVBoxWJ2kClYTcw/4fAg=="],

    "@types/bytes": ["@types/bytes@3.1.5", "", {}, "sha512-VgZkrJckypj85YxEsEavcMmmSOIzkUHqWmM4CCyia5dc54YwsXzJ5uT4fYxBQNEXx+oF1krlhgCbvfubXqZYsQ=="],

    "@types/node": ["@types/node@25.5.0", "", { "dependencies": { "undici-types": "~7.18.0" } }, "sha512-jp2P3tQMSxWugkCUKLRPVUpGaL5MVFwF8RDuSRztfwgN1wmqJeMSbKlnEtQqU8UrhTmzEmZdu2I6v2dpp7XIxw=="],

    "bun-types": ["bun-types@1.3.11", "", { "dependencies": { "@types/node": "*" } }, "sha512-1KGPpoxQWl9f6wcZh57LvrPIInQMn2TQ7jsgxqpRzg+l0QPOFvJVH7HmvHo/AiPgwXy+/Thf6Ov3EdVn1vOabg=="],

    "bytes": ["bytes@3.1.2", "", {}, "sha512-/Nf7TyzTx6S3yRJObOAV7956r8cr2+Oj8AC5dt8wSP3BQAoeX58NoHyCU8P8zGkNXStjTSi6fzO6F0pBdcYbEg=="],

    "generic-pool": ["generic-pool@3.9.0", "", {}, "sha512-hymDOu5B53XvN4QT9dBmZxPX4CWhBPPLguTZ9MMFeFa/Kg0xWVfylOVNlJji/E7yTZWFd/q9GO5TxDLq156D7g=="],

    "typescript": ["typescript@5.9.3", "", { "bin": { "tsc": "bin/tsc", "tsserver": "bin/tsserver" } }, "sha512-jl1vZzPDinLr9eUt3J/t7V6FgNEw9QjvBPdysz9KfQDD41fQrC2Y4vKQdiaUpFT4bXlb1RHhLpp8wtm6M5TgSw=="],

    "undici-types": ["undici-types@7.18.2", "", {}, "sha512-AsuCzffGHJybSaRrmr5eHr81mwJU3kjw6M+uprWvCXiNeN9SOGwQ3Jn8jb8m3Z6izVgknn1R0FTCEAP2QrLY/w=="],
  }
}
